
Microsoft Visual Studio Solution File, Format Version 12.00
# Visual Studio 2012
Project("{FAE04EC0-301F-11D3-BF4B-00C04F79EFBC}") = "SFU.Android", "SFU.Android\SFU.Android.csproj", "{92C0B7C2-ED81-478F-93B0-DFDEEFAAF420}"
EndProject
Project("{FAE04EC0-301F-11D3-BF4B-00C04F79EFBC}") = "SFU.Services", "SFU.Services\SFU.Services.csproj", "{19B91091-D92D-4149-8CC0-1E74453B430F}"
EndProject
Project("{2150E333-8FDC-42A3-9474-1A3956D46DE8}") = "Solution Items", "Solution Items", "{30E47835-56F7-4F5D-A247-F555EAC3618C}"
EndProject
Global
	GlobalSection(SolutionConfigurationPlatforms) = preSolution
		Debug|Any CPU = Debug|Any CPU
		Release|Any CPU = Release|Any CPU
	EndGlobalSection
	GlobalSection(ProjectConfigurationPlatforms) = postSolution
		{92C0B7C2-ED81-478F-93B0-DFDEEFAAF420}.Debug|Any CPU.ActiveCfg = Debug|Any CPU
		{92C0B7C2-ED81-478F-93B0-DFDEEFAAF420}.Debug|Any CPU.Build.0 = Debug|Any CPU
		{92C0B7C2-ED81-478F-93B0-DFDEEFAAF420}.Debug|Any CPU.Deploy.0 = Debug|Any CPU
		{92C0B7C2-ED81-478F-93B0-DFDEEFAAF420}.Release|Any CPU.ActiveCfg = Release|Any CPU
		{92C0B7C2-ED81-478F-93B0-DFDEEFAAF420}.Release|Any CPU.Build.0 = Release|Any CPU
		{92C0B7C2-ED81-478F-93B0-DFDEEFAAF420}.Release|Any CPU.Deploy.0 = Release|Any CPU
		{19B91091-D92D-4149-8CC0-1E74453B430F}.Debug|Any CPU.ActiveCfg = Debug|Any CPU
		{19B91091-D92D-4149-8CC0-1E74453B430F}.Debug|Any CPU.Build.0 = Debug|Any CPU
		{19B91091-D92D-4149-8CC0-1E74453B430F}.Release|Any CPU.ActiveCfg = Release|Any CPU
		{19B91091-D92D-4149-8CC0-1E74453B430F}.Release|Any CPU.Build.0 = Release|Any CPU
	EndGlobalSection
	GlobalSection(SolutionProperties) = preSolution
		HideSolutionNode = FALSE
	EndGlobalSection
EndGlobal
