
Microsoft Visual Studio Solution File, Format Version 12.00
# Visual Studio 2012
Project("{FAE04EC0-301F-11D3-BF4B-00C04F79EFBC}") = "SFU", "SFU\SFU.csproj", "{62CF708C-E738-4685-8A5B-9CD23B5A91D9}"
EndProject
Project("{FAE04EC0-301F-11D3-BF4B-00C04F79EFBC}") = "SFU.Android", "SFU.Android\SFU.Android.csproj", "{9096BD94-1427-42F9-A09B-0D868C0837C2}"
EndProject
Project("{FAE04EC0-301F-11D3-BF4B-00C04F79EFBC}") = "SFU.WindowsPhone7", "SFU.WindowsPhone7\SFU.WindowsPhone7.csproj", "{F022196E-2AA9-493B-8A56-6C626E7D87CB}"
EndProject
Global
	GlobalSection(SolutionConfigurationPlatforms) = preSolution
		Debug|Any CPU = Debug|Any CPU
		Release|Any CPU = Release|Any CPU
	EndGlobalSection
	GlobalSection(ProjectConfigurationPlatforms) = postSolution
		{62CF708C-E738-4685-8A5B-9CD23B5A91D9}.Debug|Any CPU.ActiveCfg = Debug|Any CPU
		{62CF708C-E738-4685-8A5B-9CD23B5A91D9}.Debug|Any CPU.Build.0 = Debug|Any CPU
		{62CF708C-E738-4685-8A5B-9CD23B5A91D9}.Release|Any CPU.ActiveCfg = Release|Any CPU
		{62CF708C-E738-4685-8A5B-9CD23B5A91D9}.Release|Any CPU.Build.0 = Release|Any CPU
		{9096BD94-1427-42F9-A09B-0D868C0837C2}.Debug|Any CPU.ActiveCfg = Debug|Any CPU
		{9096BD94-1427-42F9-A09B-0D868C0837C2}.Debug|Any CPU.Build.0 = Debug|Any CPU
		{9096BD94-1427-42F9-A09B-0D868C0837C2}.Debug|Any CPU.Deploy.0 = Debug|Any CPU
		{9096BD94-1427-42F9-A09B-0D868C0837C2}.Release|Any CPU.ActiveCfg = Release|Any CPU
		{9096BD94-1427-42F9-A09B-0D868C0837C2}.Release|Any CPU.Build.0 = Release|Any CPU
		{9096BD94-1427-42F9-A09B-0D868C0837C2}.Release|Any CPU.Deploy.0 = Release|Any CPU
		{F022196E-2AA9-493B-8A56-6C626E7D87CB}.Debug|Any CPU.ActiveCfg = Debug|Any CPU
		{F022196E-2AA9-493B-8A56-6C626E7D87CB}.Debug|Any CPU.Build.0 = Debug|Any CPU
		{F022196E-2AA9-493B-8A56-6C626E7D87CB}.Debug|Any CPU.Deploy.0 = Debug|Any CPU
		{F022196E-2AA9-493B-8A56-6C626E7D87CB}.Release|Any CPU.ActiveCfg = Release|Any CPU
		{F022196E-2AA9-493B-8A56-6C626E7D87CB}.Release|Any CPU.Build.0 = Release|Any CPU
		{F022196E-2AA9-493B-8A56-6C626E7D87CB}.Release|Any CPU.Deploy.0 = Release|Any CPU
	EndGlobalSection
	GlobalSection(SolutionProperties) = preSolution
		HideSolutionNode = FALSE
	EndGlobalSection
EndGlobal
